// !$*UTF8*$!
{
	archiveVersion = 1;
	classes = {
	};
	objectVersion = 50;
	objects = {

/* Begin PBXBuildFile section */
		931526152437814900F07524 /* AppDelegate.swift in Sources */ = {isa = PBXBuildFile; fileRef = 931526142437814900F07524 /* AppDelegate.swift */; };
		931526172437814900F07524 /* SceneDelegate.swift in Sources */ = {isa = PBXBuildFile; fileRef = 931526162437814900F07524 /* SceneDelegate.swift */; };
		931526192437814900F07524 /* ViewController.swift in Sources */ = {isa = PBXBuildFile; fileRef = 931526182437814900F07524 /* ViewController.swift */; };
		9315261C2437814900F07524 /* Main.storyboard in Resources */ = {isa = PBXBuildFile; fileRef = 9315261A2437814900F07524 /* Main.storyboard */; };
		9315261E2437814A00F07524 /* Assets.xcassets in Resources */ = {isa = PBXBuildFile; fileRef = 9315261D2437814A00F07524 /* Assets.xcassets */; };
		C810B204F89367AB167E2F4D /* CBManagerState.swift in Sources */ = {isa = PBXBuildFile; fileRef = C810BB8BAA0141EF1C359442 /* CBManagerState.swift */; };
		C810B2F60C494A9FCFC53335 /* CLProximity.swift in Sources */ = {isa = PBXBuildFile; fileRef = C810B1188DE7549B3D501CC9 /* CLProximity.swift */; };
		C810B6DD5BF7D9C093FB6620 /* BeaconRegionFactory.swift in Sources */ = {isa = PBXBuildFile; fileRef = C810B90F7855387F7DF683C6 /* BeaconRegionFactory.swift */; };
		C810BC0BC4FA8F7C2D03CE01 /* LaunchScreen.storyboard in Resources */ = {isa = PBXBuildFile; fileRef = C810BA85A7E404AFA3A76720 /* LaunchScreen.storyboard */; };
/* End PBXBuildFile section */

/* Begin PBXFileReference section */
		931526112437814900F07524 /* CovidWarning.app */ = {isa = PBXFileReference; explicitFileType = wrapper.application; includeInIndex = 0; path = CovidWarning.app; sourceTree = BUILT_PRODUCTS_DIR; };
		931526142437814900F07524 /* AppDelegate.swift */ = {isa = PBXFileReference; lastKnownFileType = sourcecode.swift; path = AppDelegate.swift; sourceTree = "<group>"; };
		931526162437814900F07524 /* SceneDelegate.swift */ = {isa = PBXFileReference; lastKnownFileType = sourcecode.swift; path = SceneDelegate.swift; sourceTree = "<group>"; };
		931526182437814900F07524 /* ViewController.swift */ = {isa = PBXFileReference; lastKnownFileType = sourcecode.swift; path = ViewController.swift; sourceTree = "<group>"; };
		9315261B2437814900F07524 /* Base */ = {isa = PBXFileReference; lastKnownFileType = file.storyboard; name = Base; path = Base.lproj/Main.storyboard; sourceTree = "<group>"; };
		9315261D2437814A00F07524 /* Assets.xcassets */ = {isa = PBXFileReference; lastKnownFileType = folder.assetcatalog; path = Assets.xcassets; sourceTree = "<group>"; };
		931526222437814A00F07524 /* Info.plist */ = {isa = PBXFileReference; lastKnownFileType = text.plist.xml; path = Info.plist; sourceTree = "<group>"; };
		C810B1188DE7549B3D501CC9 /* CLProximity.swift */ = {isa = PBXFileReference; fileEncoding = 4; lastKnownFileType = sourcecode.swift; path = CLProximity.swift; sourceTree = "<group>"; };
		C810B90F7855387F7DF683C6 /* BeaconRegionFactory.swift */ = {isa = PBXFileReference; fileEncoding = 4; lastKnownFileType = sourcecode.swift; path = BeaconRegionFactory.swift; sourceTree = "<group>"; };
		C810BA85A7E404AFA3A76720 /* LaunchScreen.storyboard */ = {isa = PBXFileReference; lastKnownFileType = file.storyboard; path = LaunchScreen.storyboard; sourceTree = "<group>"; };
		C810BB8BAA0141EF1C359442 /* CBManagerState.swift */ = {isa = PBXFileReference; fileEncoding = 4; lastKnownFileType = sourcecode.swift; path = CBManagerState.swift; sourceTree = "<group>"; };
/* End PBXFileReference section */

/* Begin PBXFrameworksBuildPhase section */
		9315260E2437814900F07524 /* Frameworks */ = {
			isa = PBXFrameworksBuildPhase;
			buildActionMask = 2147483647;
			files = (
			);
			runOnlyForDeploymentPostprocessing = 0;
		};
/* End PBXFrameworksBuildPhase section */

/* Begin PBXGroup section */
		931526082437814900F07524 = {
			isa = PBXGroup;
			children = (
				931526132437814900F07524 /* CovidWarning */,
				931526122437814900F07524 /* Products */,
			);
			sourceTree = "<group>";
		};
		931526122437814900F07524 /* Products */ = {
			isa = PBXGroup;
			children = (
				931526112437814900F07524 /* CovidWarning.app */,
			);
			name = Products;
			sourceTree = "<group>";
		};
		931526132437814900F07524 /* CovidWarning */ = {
			isa = PBXGroup;
			children = (
				9315262F2437CD8D00F07524 /* ViewModels */,
				9315262E2437CD7500F07524 /* Controllers */,
				9315262D24378AD000F07524 /* Extensions */,
				9315262C24378AA400F07524 /* Models */,
				9315262A2437837400F07524 /* Resources */,
				931526292437836200F07524 /* Supporting Files */,
				931526282437835400F07524 /* Views */,
				C810B449CF79369051F0EA81 /* Helpers */,
			);
			path = CovidWarning;
			sourceTree = "<group>";
		};
		931526282437835400F07524 /* Views */ = {
			isa = PBXGroup;
			children = (
				9315261A2437814900F07524 /* Main.storyboard */,
				C810BA85A7E404AFA3A76720 /* LaunchScreen.storyboard */,
			);
			path = Views;
			sourceTree = "<group>";
		};
		931526292437836200F07524 /* Supporting Files */ = {
			isa = PBXGroup;
			children = (
				931526142437814900F07524 /* AppDelegate.swift */,
				931526162437814900F07524 /* SceneDelegate.swift */,
				931526222437814A00F07524 /* Info.plist */,
			);
			path = "Supporting Files";
			sourceTree = "<group>";
		};
		9315262A2437837400F07524 /* Resources */ = {
			isa = PBXGroup;
			children = (
				9315261D2437814A00F07524 /* Assets.xcassets */,
			);
			path = Resources;
			sourceTree = "<group>";
		};
		9315262C24378AA400F07524 /* Models */ = {
			isa = PBXGroup;
			children = (
			);
			path = Models;
			sourceTree = "<group>";
		};
		9315262D24378AD000F07524 /* Extensions */ = {
			isa = PBXGroup;
			children = (
				C810BB8BAA0141EF1C359442 /* CBManagerState.swift */,
				C810B1188DE7549B3D501CC9 /* CLProximity.swift */,
			);
			path = Extensions;
			sourceTree = "<group>";
		};
		9315262E2437CD7500F07524 /* Controllers */ = {
			isa = PBXGroup;
			children = (
				931526182437814900F07524 /* ViewController.swift */,
			);
			path = Controllers;
			sourceTree = "<group>";
		};
		9315262F2437CD8D00F07524 /* ViewModels */ = {
			isa = PBXGroup;
			children = (
			);
			path = ViewModels;
			sourceTree = "<group>";
		};
		C810B449CF79369051F0EA81 /* Helpers */ = {
			isa = PBXGroup;
			children = (
				C810B90F7855387F7DF683C6 /* BeaconRegionFactory.swift */,
			);
			path = Helpers;
			sourceTree = "<group>";
		};
/* End PBXGroup section */

/* Begin PBXNativeTarget section */
		931526102437814900F07524 /* CovidWarning */ = {
			isa = PBXNativeTarget;
			buildConfigurationList = 931526252437814A00F07524 /* Build configuration list for PBXNativeTarget "CovidWarning" */;
			buildPhases = (
				9315260D2437814900F07524 /* Sources */,
				9315260E2437814900F07524 /* Frameworks */,
				9315260F2437814900F07524 /* Resources */,
			);
			buildRules = (
			);
			dependencies = (
			);
			name = CovidWarning;
			productName = CovidWarning;
			productReference = 931526112437814900F07524 /* CovidWarning.app */;
			productType = "com.apple.product-type.application";
		};
/* End PBXNativeTarget section */

/* Begin PBXProject section */
		931526092437814900F07524 /* Project object */ = {
			isa = PBXProject;
			attributes = {
				LastSwiftUpdateCheck = 1130;
				LastUpgradeCheck = 1130;
				ORGANIZATIONNAME = "Raimundas Sakalauskas";
				TargetAttributes = {
					931526102437814900F07524 = {
						CreatedOnToolsVersion = 11.3.1;
					};
				};
			};
			buildConfigurationList = 9315260C2437814900F07524 /* Build configuration list for PBXProject "CovidWarning" */;
			compatibilityVersion = "Xcode 9.3";
			developmentRegion = en;
			hasScannedForEncodings = 0;
			knownRegions = (
				en,
				Base,
			);
			mainGroup = 931526082437814900F07524;
			productRefGroup = 931526122437814900F07524 /* Products */;
			projectDirPath = "";
			projectRoot = "";
			targets = (
				931526102437814900F07524 /* CovidWarning */,
			);
		};
/* End PBXProject section */

/* Begin PBXResourcesBuildPhase section */
		9315260F2437814900F07524 /* Resources */ = {
			isa = PBXResourcesBuildPhase;
			buildActionMask = 2147483647;
			files = (
				9315261E2437814A00F07524 /* Assets.xcassets in Resources */,
				9315261C2437814900F07524 /* Main.storyboard in Resources */,
				C810BC0BC4FA8F7C2D03CE01 /* LaunchScreen.storyboard in Resources */,
			);
			runOnlyForDeploymentPostprocessing = 0;
		};
/* End PBXResourcesBuildPhase section */

/* Begin PBXSourcesBuildPhase section */
		9315260D2437814900F07524 /* Sources */ = {
			isa = PBXSourcesBuildPhase;
			buildActionMask = 2147483647;
			files = (
				931526192437814900F07524 /* ViewController.swift in Sources */,
				931526152437814900F07524 /* AppDelegate.swift in Sources */,
				931526172437814900F07524 /* SceneDelegate.swift in Sources */,
				C810B204F89367AB167E2F4D /* CBManagerState.swift in Sources */,
				C810B2F60C494A9FCFC53335 /* CLProximity.swift in Sources */,
				C810B6DD5BF7D9C093FB6620 /* BeaconRegionFactory.swift in Sources */,
			);
			runOnlyForDeploymentPostprocessing = 0;
		};
/* End PBXSourcesBuildPhase section */

/* Begin PBXVariantGroup section */
		9315261A2437814900F07524 /* Main.storyboard */ = {
			isa = PBXVariantGroup;
			children = (
				9315261B2437814900F07524 /* Base */,
			);
			name = Main.storyboard;
			sourceTree = "<group>";
		};
/* End PBXVariantGroup section */

/* Begin XCBuildConfiguration section */
		931526232437814A00F07524 /* Debug */ = {
			isa = XCBuildConfiguration;
			buildSettings = {
				ALWAYS_SEARCH_USER_PATHS = NO;
				CLANG_ANALYZER_NONNULL = YES;
				CLANG_ANALYZER_NUMBER_OBJECT_CONVERSION = YES_AGGRESSIVE;
				CLANG_CXX_LANGUAGE_STANDARD = "gnu++14";
				CLANG_CXX_LIBRARY = "libc++";
				CLANG_ENABLE_MODULES = YES;
				CLANG_ENABLE_OBJC_ARC = YES;
				CLANG_ENABLE_OBJC_WEAK = YES;
				CLANG_WARN_BLOCK_CAPTURE_AUTORELEASING = YES;
				CLANG_WARN_BOOL_CONVERSION = YES;
				CLANG_WARN_COMMA = YES;
				CLANG_WARN_CONSTANT_CONVERSION = YES;
				CLANG_WARN_DEPRECATED_OBJC_IMPLEMENTATIONS = YES;
				CLANG_WARN_DIRECT_OBJC_ISA_USAGE = YES_ERROR;
				CLANG_WARN_DOCUMENTATION_COMMENTS = YES;
				CLANG_WARN_EMPTY_BODY = YES;
				CLANG_WARN_ENUM_CONVERSION = YES;
				CLANG_WARN_INFINITE_RECURSION = YES;
				CLANG_WARN_INT_CONVERSION = YES;
				CLANG_WARN_NON_LITERAL_NULL_CONVERSION = YES;
				CLANG_WARN_OBJC_IMPLICIT_RETAIN_SELF = YES;
				CLANG_WARN_OBJC_LITERAL_CONVERSION = YES;
				CLANG_WARN_OBJC_ROOT_CLASS = YES_ERROR;
				CLANG_WARN_RANGE_LOOP_ANALYSIS = YES;
				CLANG_WARN_STRICT_PROTOTYPES = YES;
				CLANG_WARN_SUSPICIOUS_MOVE = YES;
				CLANG_WARN_UNGUARDED_AVAILABILITY = YES_AGGRESSIVE;
				CLANG_WARN_UNREACHABLE_CODE = YES;
				CLANG_WARN__DUPLICATE_METHOD_MATCH = YES;
				COPY_PHASE_STRIP = NO;
				DEBUG_INFORMATION_FORMAT = dwarf;
				ENABLE_STRICT_OBJC_MSGSEND = YES;
				ENABLE_TESTABILITY = YES;
				GCC_C_LANGUAGE_STANDARD = gnu11;
				GCC_DYNAMIC_NO_PIC = NO;
				GCC_NO_COMMON_BLOCKS = YES;
				GCC_OPTIMIZATION_LEVEL = 0;
				GCC_PREPROCESSOR_DEFINITIONS = (
					"DEBUG=1",
					"$(inherited)",
				);
				GCC_WARN_64_TO_32_BIT_CONVERSION = YES;
				GCC_WARN_ABOUT_RETURN_TYPE = YES_ERROR;
				GCC_WARN_UNDECLARED_SELECTOR = YES;
				GCC_WARN_UNINITIALIZED_AUTOS = YES_AGGRESSIVE;
				GCC_WARN_UNUSED_FUNCTION = YES;
				GCC_WARN_UNUSED_VARIABLE = YES;
				IPHONEOS_DEPLOYMENT_TARGET = 11.0;
				MTL_ENABLE_DEBUG_INFO = INCLUDE_SOURCE;
				MTL_FAST_MATH = YES;
				ONLY_ACTIVE_ARCH = YES;
				SDKROOT = iphoneos;
				SWIFT_ACTIVE_COMPILATION_CONDITIONS = DEBUG;
				SWIFT_OPTIMIZATION_LEVEL = "-Onone";
			};
			name = Debug;
		};
		931526242437814A00F07524 /* Release */ = {
			isa = XCBuildConfiguration;
			buildSettings = {
				ALWAYS_SEARCH_USER_PATHS = NO;
				CLANG_ANALYZER_NONNULL = YES;
				CLANG_ANALYZER_NUMBER_OBJECT_CONVERSION = YES_AGGRESSIVE;
				CLANG_CXX_LANGUAGE_STANDARD = "gnu++14";
				CLANG_CXX_LIBRARY = "libc++";
				CLANG_ENABLE_MODULES = YES;
				CLANG_ENABLE_OBJC_ARC = YES;
				CLANG_ENABLE_OBJC_WEAK = YES;
				CLANG_WARN_BLOCK_CAPTURE_AUTORELEASING = YES;
				CLANG_WARN_BOOL_CONVERSION = YES;
				CLANG_WARN_COMMA = YES;
				CLANG_WARN_CONSTANT_CONVERSION = YES;
				CLANG_WARN_DEPRECATED_OBJC_IMPLEMENTATIONS = YES;
				CLANG_WARN_DIRECT_OBJC_ISA_USAGE = YES_ERROR;
				CLANG_WARN_DOCUMENTATION_COMMENTS = YES;
				CLANG_WARN_EMPTY_BODY = YES;
				CLANG_WARN_ENUM_CONVERSION = YES;
				CLANG_WARN_INFINITE_RECURSION = YES;
				CLANG_WARN_INT_CONVERSION = YES;
				CLANG_WARN_NON_LITERAL_NULL_CONVERSION = YES;
				CLANG_WARN_OBJC_IMPLICIT_RETAIN_SELF = YES;
				CLANG_WARN_OBJC_LITERAL_CONVERSION = YES;
				CLANG_WARN_OBJC_ROOT_CLASS = YES_ERROR;
				CLANG_WARN_RANGE_LOOP_ANALYSIS = YES;
				CLANG_WARN_STRICT_PROTOTYPES = YES;
				CLANG_WARN_SUSPICIOUS_MOVE = YES;
				CLANG_WARN_UNGUARDED_AVAILABILITY = YES_AGGRESSIVE;
				CLANG_WARN_UNREACHABLE_CODE = YES;
				CLANG_WARN__DUPLICATE_METHOD_MATCH = YES;
				COPY_PHASE_STRIP = NO;
				DEBUG_INFORMATION_FORMAT = "dwarf-with-dsym";
				ENABLE_NS_ASSERTIONS = NO;
				ENABLE_STRICT_OBJC_MSGSEND = YES;
				GCC_C_LANGUAGE_STANDARD = gnu11;
				GCC_NO_COMMON_BLOCKS = YES;
				GCC_WARN_64_TO_32_BIT_CONVERSION = YES;
				GCC_WARN_ABOUT_RETURN_TYPE = YES_ERROR;
				GCC_WARN_UNDECLARED_SELECTOR = YES;
				GCC_WARN_UNINITIALIZED_AUTOS = YES_AGGRESSIVE;
				GCC_WARN_UNUSED_FUNCTION = YES;
				GCC_WARN_UNUSED_VARIABLE = YES;
				IPHONEOS_DEPLOYMENT_TARGET = 11.0;
				MTL_ENABLE_DEBUG_INFO = NO;
				MTL_FAST_MATH = YES;
				SDKROOT = iphoneos;
				SWIFT_COMPILATION_MODE = wholemodule;
				SWIFT_OPTIMIZATION_LEVEL = "-O";
				VALIDATE_PRODUCT = YES;
			};
			name = Release;
		};
		931526262437814A00F07524 /* Debug */ = {
			isa = XCBuildConfiguration;
			buildSettings = {
				ASSETCATALOG_COMPILER_APPICON_NAME = AppIcon;
				CODE_SIGN_STYLE = Automatic;
				CURRENT_PROJECT_VERSION = 1;
				DEVELOPMENT_TEAM = 2UTD9WU3UT;
				INFOPLIST_FILE = "CovidWarning/Supporting Files/Info.plist";
				LD_RUNPATH_SEARCH_PATHS = (
					"$(inherited)",
					"@executable_path/Frameworks",
				);
				MARKETING_VERSION = 1.0;
				PRODUCT_BUNDLE_IDENTIFIER = com.pinstudios.covidwarning;
				PRODUCT_NAME = "$(TARGET_NAME)";
				SWIFT_VERSION = 5.0;
				TARGETED_DEVICE_FAMILY = "1,2";
			};
			name = Debug;
		};
		931526272437814A00F07524 /* Release */ = {
			isa = XCBuildConfiguration;
			buildSettings = {
				ASSETCATALOG_COMPILER_APPICON_NAME = AppIcon;
				CODE_SIGN_STYLE = Automatic;
				CURRENT_PROJECT_VERSION = 1;
				DEVELOPMENT_TEAM = 2UTD9WU3UT;
				INFOPLIST_FILE = "CovidWarning/Supporting Files/Info.plist";
				LD_RUNPATH_SEARCH_PATHS = (
					"$(inherited)",
					"@executable_path/Frameworks",
				);
				MARKETING_VERSION = 1.0;
				PRODUCT_BUNDLE_IDENTIFIER = com.pinstudios.covidwarning;
				PRODUCT_NAME = "$(TARGET_NAME)";
				SWIFT_VERSION = 5.0;
				TARGETED_DEVICE_FAMILY = "1,2";
			};
			name = Release;
		};
/* End XCBuildConfiguration section */

/* Begin XCConfigurationList section */
		9315260C2437814900F07524 /* Build configuration list for PBXProject "CovidWarning" */ = {
			isa = XCConfigurationList;
			buildConfigurations = (
				931526232437814A00F07524 /* Debug */,
				931526242437814A00F07524 /* Release */,
			);
			defaultConfigurationIsVisible = 0;
			defaultConfigurationName = Release;
		};
		931526252437814A00F07524 /* Build configuration list for PBXNativeTarget "CovidWarning" */ = {
			isa = XCConfigurationList;
			buildConfigurations = (
				931526262437814A00F07524 /* Debug */,
				931526272437814A00F07524 /* Release */,
			);
			defaultConfigurationIsVisible = 0;
			defaultConfigurationName = Release;
		};
/* End XCConfigurationList section */
	};
	rootObject = 931526092437814900F07524 /* Project object */;
}
